
Microsoft Visual Studio Solution File, Format Version 12.00
# Visual Studio Version 17
VisualStudioVersion = 17.9.34701.34
MinimumVisualStudioVersion = 10.0.40219.1
Project("{FAE04EC0-301F-11D3-BF4B-00C04F79EFBC}") = "SportsResultsNotifier", "SportsResultsNotifier\SportsResultsNotifier.csproj", "{3439435F-960D-4E9F-B5A8-959ED0B5B83A}"
EndProject
Global
	GlobalSection(SolutionConfigurationPlatforms) = preSolution
		Debug|Any CPU = Debug|Any CPU
		Release|Any CPU = Release|Any CPU
	EndGlobalSection
	GlobalSection(ProjectConfigurationPlatforms) = postSolution
		{3439435F-960D-4E9F-B5A8-959ED0B5B83A}.Debug|Any CPU.ActiveCfg = Debug|Any CPU
		{3439435F-960D-4E9F-B5A8-959ED0B5B83A}.Debug|Any CPU.Build.0 = Debug|Any CPU
		{3439435F-960D-4E9F-B5A8-959ED0B5B83A}.Release|Any CPU.ActiveCfg = Release|Any CPU
		{3439435F-960D-4E9F-B5A8-959ED0B5B83A}.Release|Any CPU.Build.0 = Release|Any CPU
	EndGlobalSection
	GlobalSection(SolutionProperties) = preSolution
		HideSolutionNode = FALSE
	EndGlobalSection
	GlobalSection(ExtensibilityGlobals) = postSolution
		SolutionGuid = {94D78F5F-0BB4-47AB-8D2B-4B8ABEF1EB3D}
	EndGlobalSection
EndGlobal
